
Microsoft Visual Studio Solution File, Format Version 12.00
# Visual Studio Version 17
VisualStudioVersion = 17.13.35931.197 d17.13
MinimumVisualStudioVersion = 10.0.40219.1
Project("{8BC9CEB8-8B4A-11D0-8D11-00A0C91BC942}") = "yaml-convector-2.0", "yaml-convector-2.0\yaml-convector-2.0.vcxproj", "{3079A651-C144-4A37-9925-AC5D5D6AD543}"
EndProject
Global
	GlobalSection(SolutionConfigurationPlatforms) = preSolution
		Debug|x64 = Debug|x64
		Debug|x86 = Debug|x86
		Release|x64 = Release|x64
		Release|x86 = Release|x86
	EndGlobalSection
	GlobalSection(ProjectConfigurationPlatforms) = postSolution
		{3079A651-C144-4A37-9925-AC5D5D6AD543}.Debug|x64.ActiveCfg = Debug|x64
		{3079A651-C144-4A37-9925-AC5D5D6AD543}.Debug|x64.Build.0 = Debug|x64
		{3079A651-C144-4A37-9925-AC5D5D6AD543}.Debug|x86.ActiveCfg = Debug|Win32
		{3079A651-C144-4A37-9925-AC5D5D6AD543}.Debug|x86.Build.0 = Debug|Win32
		{3079A651-C144-4A37-9925-AC5D5D6AD543}.Release|x64.ActiveCfg = Release|x64
		{3079A651-C144-4A37-9925-AC5D5D6AD543}.Release|x64.Build.0 = Release|x64
		{3079A651-C144-4A37-9925-AC5D5D6AD543}.Release|x86.ActiveCfg = Release|Win32
		{3079A651-C144-4A37-9925-AC5D5D6AD543}.Release|x86.Build.0 = Release|Win32
	EndGlobalSection
	GlobalSection(SolutionProperties) = preSolution
		HideSolutionNode = FALSE
	EndGlobalSection
	GlobalSection(ExtensibilityGlobals) = postSolution
		SolutionGuid = {90E94EF4-3B35-43AE-9CF9-E4FB455451CB}
	EndGlobalSection
EndGlobal
